
Microsoft Visual Studio Solution File, Format Version 12.00
# Visual Studio Version 16
VisualStudioVersion = 16.0.30907.101
MinimumVisualStudioVersion = 10.0.40219.1
Project("{FAE04EC0-301F-11D3-BF4B-00C04F79EFBC}") = "Laba5", "Laba5.csproj", "{2CCB8B23-22B9-4FAB-9ECB-9450BCD4E783}"
EndProject
Global
	GlobalSection(SolutionConfigurationPlatforms) = preSolution
		Debug|Any CPU = Debug|Any CPU
		Release|Any CPU = Release|Any CPU
	EndGlobalSection
	GlobalSection(ProjectConfigurationPlatforms) = postSolution
		{2CCB8B23-22B9-4FAB-9ECB-9450BCD4E783}.Debug|Any CPU.ActiveCfg = Debug|Any CPU
		{2CCB8B23-22B9-4FAB-9ECB-9450BCD4E783}.Debug|Any CPU.Build.0 = Debug|Any CPU
		{2CCB8B23-22B9-4FAB-9ECB-9450BCD4E783}.Release|Any CPU.ActiveCfg = Release|Any CPU
		{2CCB8B23-22B9-4FAB-9ECB-9450BCD4E783}.Release|Any CPU.Build.0 = Release|Any CPU
	EndGlobalSection
	GlobalSection(SolutionProperties) = preSolution
		HideSolutionNode = FALSE
	EndGlobalSection
	GlobalSection(ExtensibilityGlobals) = postSolution
		SolutionGuid = {B1FC5117-1963-42CC-80F4-D40E879629A9}
	EndGlobalSection
EndGlobal
